
Microsoft Visual Studio Solution File, Format Version 12.00
# Visual Studio Version 17
VisualStudioVersion = 17.8.34309.116
MinimumVisualStudioVersion = 10.0.40219.1
Project("{FAE04EC0-301F-11D3-BF4B-00C04F79EFBC}") = "WpfRoutedEvent_1", "WpfRoutedEvent_1.csproj", "{9968539F-D056-4214-8191-F9A8EF9EABFF}"
EndProject
Global
	GlobalSection(SolutionConfigurationPlatforms) = preSolution
		Debug|Any CPU = Debug|Any CPU
		Release|Any CPU = Release|Any CPU
	EndGlobalSection
	GlobalSection(ProjectConfigurationPlatforms) = postSolution
		{9968539F-D056-4214-8191-F9A8EF9EABFF}.Debug|Any CPU.ActiveCfg = Debug|Any CPU
		{9968539F-D056-4214-8191-F9A8EF9EABFF}.Debug|Any CPU.Build.0 = Debug|Any CPU
		{9968539F-D056-4214-8191-F9A8EF9EABFF}.Release|Any CPU.ActiveCfg = Release|Any CPU
		{9968539F-D056-4214-8191-F9A8EF9EABFF}.Release|Any CPU.Build.0 = Release|Any CPU
	EndGlobalSection
	GlobalSection(SolutionProperties) = preSolution
		HideSolutionNode = FALSE
	EndGlobalSection
	GlobalSection(ExtensibilityGlobals) = postSolution
		SolutionGuid = {F718079C-31D8-4C06-A2CF-3CA85CDFAEE9}
	EndGlobalSection
EndGlobal
