
Microsoft Visual Studio Solution File, Format Version 12.00
# Visual Studio Version 17
VisualStudioVersion = 17.8.34309.116
MinimumVisualStudioVersion = 10.0.40219.1
Project("{FAE04EC0-301F-11D3-BF4B-00C04F79EFBC}") = "Exercise 2", "Exercise 2.csproj", "{D442C246-B046-4553-9083-CBB30498D7DA}"
EndProject
Global
	GlobalSection(SolutionConfigurationPlatforms) = preSolution
		Debug|Any CPU = Debug|Any CPU
		Release|Any CPU = Release|Any CPU
	EndGlobalSection
	GlobalSection(ProjectConfigurationPlatforms) = postSolution
		{D442C246-B046-4553-9083-CBB30498D7DA}.Debug|Any CPU.ActiveCfg = Debug|Any CPU
		{D442C246-B046-4553-9083-CBB30498D7DA}.Debug|Any CPU.Build.0 = Debug|Any CPU
		{D442C246-B046-4553-9083-CBB30498D7DA}.Release|Any CPU.ActiveCfg = Release|Any CPU
		{D442C246-B046-4553-9083-CBB30498D7DA}.Release|Any CPU.Build.0 = Release|Any CPU
	EndGlobalSection
	GlobalSection(SolutionProperties) = preSolution
		HideSolutionNode = FALSE
	EndGlobalSection
	GlobalSection(ExtensibilityGlobals) = postSolution
		SolutionGuid = {82676456-A1C8-42C4-88C3-D5459C148A1E}
	EndGlobalSection
EndGlobal
