
Microsoft Visual Studio Solution File, Format Version 12.00
# Visual Studio Version 17
VisualStudioVersion = 17.8.34309.116
MinimumVisualStudioVersion = 10.0.40219.1
Project("{FAE04EC0-301F-11D3-BF4B-00C04F79EFBC}") = "Exercise 3", "Exercise 3.csproj", "{9AAAFD50-3B0E-4AC1-AC68-E944B2370A9A}"
EndProject
Global
	GlobalSection(SolutionConfigurationPlatforms) = preSolution
		Debug|Any CPU = Debug|Any CPU
		Release|Any CPU = Release|Any CPU
	EndGlobalSection
	GlobalSection(ProjectConfigurationPlatforms) = postSolution
		{9AAAFD50-3B0E-4AC1-AC68-E944B2370A9A}.Debug|Any CPU.ActiveCfg = Debug|Any CPU
		{9AAAFD50-3B0E-4AC1-AC68-E944B2370A9A}.Debug|Any CPU.Build.0 = Debug|Any CPU
		{9AAAFD50-3B0E-4AC1-AC68-E944B2370A9A}.Release|Any CPU.ActiveCfg = Release|Any CPU
		{9AAAFD50-3B0E-4AC1-AC68-E944B2370A9A}.Release|Any CPU.Build.0 = Release|Any CPU
	EndGlobalSection
	GlobalSection(SolutionProperties) = preSolution
		HideSolutionNode = FALSE
	EndGlobalSection
	GlobalSection(ExtensibilityGlobals) = postSolution
		SolutionGuid = {2BAD7AB0-1D01-42B1-9B55-0C143D2A283B}
	EndGlobalSection
EndGlobal
