
Microsoft Visual Studio Solution File, Format Version 12.00
# Visual Studio Version 17
VisualStudioVersion = 17.8.34309.116
MinimumVisualStudioVersion = 10.0.40219.1
Project("{FAE04EC0-301F-11D3-BF4B-00C04F79EFBC}") = "Exercise 1", "Exercise 1.csproj", "{5FE071D5-B8F5-4344-B259-57791F18BCCE}"
EndProject
Global
	GlobalSection(SolutionConfigurationPlatforms) = preSolution
		Debug|Any CPU = Debug|Any CPU
		Release|Any CPU = Release|Any CPU
	EndGlobalSection
	GlobalSection(ProjectConfigurationPlatforms) = postSolution
		{5FE071D5-B8F5-4344-B259-57791F18BCCE}.Debug|Any CPU.ActiveCfg = Debug|Any CPU
		{5FE071D5-B8F5-4344-B259-57791F18BCCE}.Debug|Any CPU.Build.0 = Debug|Any CPU
		{5FE071D5-B8F5-4344-B259-57791F18BCCE}.Release|Any CPU.ActiveCfg = Release|Any CPU
		{5FE071D5-B8F5-4344-B259-57791F18BCCE}.Release|Any CPU.Build.0 = Release|Any CPU
	EndGlobalSection
	GlobalSection(SolutionProperties) = preSolution
		HideSolutionNode = FALSE
	EndGlobalSection
	GlobalSection(ExtensibilityGlobals) = postSolution
		SolutionGuid = {A775ECBB-CA9F-4E90-8798-BE6A3B4E84B1}
	EndGlobalSection
EndGlobal
