
Microsoft Visual Studio Solution File, Format Version 12.00
# Visual Studio Version 17
VisualStudioVersion = 17.8.34309.116
MinimumVisualStudioVersion = 10.0.40219.1
Project("{FAE04EC0-301F-11D3-BF4B-00C04F79EFBC}") = "Control exercise", "Control exercise.csproj", "{56163B32-322E-434F-B2D8-30482B8E1531}"
EndProject
Global
	GlobalSection(SolutionConfigurationPlatforms) = preSolution
		Debug|Any CPU = Debug|Any CPU
		Release|Any CPU = Release|Any CPU
	EndGlobalSection
	GlobalSection(ProjectConfigurationPlatforms) = postSolution
		{56163B32-322E-434F-B2D8-30482B8E1531}.Debug|Any CPU.ActiveCfg = Debug|Any CPU
		{56163B32-322E-434F-B2D8-30482B8E1531}.Debug|Any CPU.Build.0 = Debug|Any CPU
		{56163B32-322E-434F-B2D8-30482B8E1531}.Release|Any CPU.ActiveCfg = Release|Any CPU
		{56163B32-322E-434F-B2D8-30482B8E1531}.Release|Any CPU.Build.0 = Release|Any CPU
	EndGlobalSection
	GlobalSection(SolutionProperties) = preSolution
		HideSolutionNode = FALSE
	EndGlobalSection
	GlobalSection(ExtensibilityGlobals) = postSolution
		SolutionGuid = {D1EE292F-563A-4282-974E-9B9B3713BDD3}
	EndGlobalSection
EndGlobal
