
Microsoft Visual Studio Solution File, Format Version 12.00
# Visual Studio Version 17
VisualStudioVersion = 17.8.34309.116
MinimumVisualStudioVersion = 10.0.40219.1
Project("{FAE04EC0-301F-11D3-BF4B-00C04F79EFBC}") = "Exercise 1", "Exercise 1.csproj", "{A9A00408-B3FA-48AF-A7AF-3D6B726E329A}"
EndProject
Global
	GlobalSection(SolutionConfigurationPlatforms) = preSolution
		Debug|Any CPU = Debug|Any CPU
		Release|Any CPU = Release|Any CPU
	EndGlobalSection
	GlobalSection(ProjectConfigurationPlatforms) = postSolution
		{A9A00408-B3FA-48AF-A7AF-3D6B726E329A}.Debug|Any CPU.ActiveCfg = Debug|Any CPU
		{A9A00408-B3FA-48AF-A7AF-3D6B726E329A}.Debug|Any CPU.Build.0 = Debug|Any CPU
		{A9A00408-B3FA-48AF-A7AF-3D6B726E329A}.Release|Any CPU.ActiveCfg = Release|Any CPU
		{A9A00408-B3FA-48AF-A7AF-3D6B726E329A}.Release|Any CPU.Build.0 = Release|Any CPU
	EndGlobalSection
	GlobalSection(SolutionProperties) = preSolution
		HideSolutionNode = FALSE
	EndGlobalSection
	GlobalSection(ExtensibilityGlobals) = postSolution
		SolutionGuid = {9F523286-9587-4F87-B7DB-8C138177A121}
	EndGlobalSection
EndGlobal
