
Microsoft Visual Studio Solution File, Format Version 12.00
# Visual Studio Version 17
VisualStudioVersion = 17.8.34309.116
MinimumVisualStudioVersion = 10.0.40219.1
Project("{FAE04EC0-301F-11D3-BF4B-00C04F79EFBC}") = "Control exercise 1", "Control exercise 1.csproj", "{A72AC318-627A-4ED5-A4B7-7726AA34FDA3}"
EndProject
Global
	GlobalSection(SolutionConfigurationPlatforms) = preSolution
		Debug|Any CPU = Debug|Any CPU
		Release|Any CPU = Release|Any CPU
	EndGlobalSection
	GlobalSection(ProjectConfigurationPlatforms) = postSolution
		{A72AC318-627A-4ED5-A4B7-7726AA34FDA3}.Debug|Any CPU.ActiveCfg = Debug|Any CPU
		{A72AC318-627A-4ED5-A4B7-7726AA34FDA3}.Debug|Any CPU.Build.0 = Debug|Any CPU
		{A72AC318-627A-4ED5-A4B7-7726AA34FDA3}.Release|Any CPU.ActiveCfg = Release|Any CPU
		{A72AC318-627A-4ED5-A4B7-7726AA34FDA3}.Release|Any CPU.Build.0 = Release|Any CPU
	EndGlobalSection
	GlobalSection(SolutionProperties) = preSolution
		HideSolutionNode = FALSE
	EndGlobalSection
	GlobalSection(ExtensibilityGlobals) = postSolution
		SolutionGuid = {50FE337A-5BA1-4DCC-81D5-23902D67BED2}
	EndGlobalSection
EndGlobal
